// !$*UTF8*$!
{
	archiveVersion = 1;
	classes = {
	};
	objectVersion = 46;
	objects = {

/* Begin PBXBuildFile section */
		07167A9A138338E000A8856E /* Foundation.framework in Frameworks */ = {isa = PBXBuildFile; fileRef = 071D99C813808018004A6C07 /* Foundation.framework */; };
		07167A9D138338E000A8856E /* main.m in Sources */ = {isa = PBXBuildFile; fileRef = 07167A9C138338E000A8856E /* main.m */; };
		071D9993137EEEB1004A6C07 /* MyImage.m in Sources */ = {isa = PBXBuildFile; fileRef = 071D9992137EEEB1004A6C07 /* MyImage.m */; };
		07613FAE13885CD100E6D149 /* Cocoa.framework in Frameworks */ = {isa = PBXBuildFile; fileRef = 07613FAD13885CD100E6D149 /* Cocoa.framework */; };
		07613FB013885E3700E6D149 /* MyImage.m in Sources */ = {isa = PBXBuildFile; fileRef = 071D9992137EEEB1004A6C07 /* MyImage.m */; };
		078211961378476700171F89 /* Cocoa.framework in Frameworks */ = {isa = PBXBuildFile; fileRef = 078211951378476700171F89 /* Cocoa.framework */; };
		078211A01378476700171F89 /* InfoPlist.strings in Resources */ = {isa = PBXBuildFile; fileRef = 0782119E1378476700171F89 /* InfoPlist.strings */; };
		078211A31378476700171F89 /* main.m in Sources */ = {isa = PBXBuildFile; fileRef = 078211A21378476700171F89 /* main.m */; };
		078211A61378476700171F89 /* Credits.rtf in Resources */ = {isa = PBXBuildFile; fileRef = 078211A41378476700171F89 /* Credits.rtf */; };
		078211A91378476700171F89 /* MakeCornerAppDelegate.m in Sources */ = {isa = PBXBuildFile; fileRef = 078211A81378476700171F89 /* MakeCornerAppDelegate.m */; };
		078211AC1378476800171F89 /* MainMenu.xib in Resources */ = {isa = PBXBuildFile; fileRef = 078211AA1378476800171F89 /* MainMenu.xib */; };
		078211D613786E5C00171F89 /* MakeCornerController.m in Sources */ = {isa = PBXBuildFile; fileRef = 078211D513786E5C00171F89 /* MakeCornerController.m */; };
		079097B21379E14D005D2781 /* ImageView.m in Sources */ = {isa = PBXBuildFile; fileRef = 079097B11379E14D005D2781 /* ImageView.m */; };
		07DAED091388F18100FA9010 /* NSColorAdditions.m in Sources */ = {isa = PBXBuildFile; fileRef = 07DAED081388F18100FA9010 /* NSColorAdditions.m */; };
		07DAED0A1388F18100FA9010 /* NSColorAdditions.m in Sources */ = {isa = PBXBuildFile; fileRef = 07DAED081388F18100FA9010 /* NSColorAdditions.m */; };
/* End PBXBuildFile section */

/* Begin PBXCopyFilesBuildPhase section */
		07167A96138338E000A8856E /* CopyFiles */ = {
			isa = PBXCopyFilesBuildPhase;
			buildActionMask = 2147483647;
			dstPath = /usr/share/man/man1/;
			dstSubfolderSpec = 0;
			files = (
			);
			runOnlyForDeploymentPostprocessing = 1;
		};
/* End PBXCopyFilesBuildPhase section */

/* Begin PBXFileReference section */
		07167A98138338E000A8856E /* MakeCornerCLI */ = {isa = PBXFileReference; explicitFileType = "compiled.mach-o.executable"; includeInIndex = 0; path = MakeCornerCLI; sourceTree = BUILT_PRODUCTS_DIR; };
		07167A9C138338E000A8856E /* main.m */ = {isa = PBXFileReference; lastKnownFileType = sourcecode.c.objc; path = main.m; sourceTree = "<group>"; };
		07167A9F138338E000A8856E /* MakeCornerCLI-Prefix.pch */ = {isa = PBXFileReference; lastKnownFileType = sourcecode.c.h; path = "MakeCornerCLI-Prefix.pch"; sourceTree = "<group>"; };
		07167AA0138338E000A8856E /* MakeCornerCLI.1 */ = {isa = PBXFileReference; lastKnownFileType = text.man; path = MakeCornerCLI.1; sourceTree = "<group>"; };
		071D9991137EEEB1004A6C07 /* MyImage.h */ = {isa = PBXFileReference; fileEncoding = 4; lastKnownFileType = sourcecode.c.h; path = MyImage.h; sourceTree = "<group>"; };
		071D9992137EEEB1004A6C07 /* MyImage.m */ = {isa = PBXFileReference; fileEncoding = 4; lastKnownFileType = sourcecode.c.objc; path = MyImage.m; sourceTree = "<group>"; };
		071D99C813808018004A6C07 /* Foundation.framework */ = {isa = PBXFileReference; lastKnownFileType = wrapper.framework; name = Foundation.framework; path = System/Library/Frameworks/Foundation.framework; sourceTree = SDKROOT; };
		07613FAD13885CD100E6D149 /* Cocoa.framework */ = {isa = PBXFileReference; lastKnownFileType = wrapper.framework; name = Cocoa.framework; path = System/Library/Frameworks/Cocoa.framework; sourceTree = SDKROOT; };
		078211911378476700171F89 /* MakeCorner.app */ = {isa = PBXFileReference; explicitFileType = wrapper.application; includeInIndex = 0; path = MakeCorner.app; sourceTree = BUILT_PRODUCTS_DIR; };
		078211951378476700171F89 /* Cocoa.framework */ = {isa = PBXFileReference; lastKnownFileType = wrapper.framework; name = Cocoa.framework; path = System/Library/Frameworks/Cocoa.framework; sourceTree = SDKROOT; };
		078211981378476700171F89 /* AppKit.framework */ = {isa = PBXFileReference; lastKnownFileType = wrapper.framework; name = AppKit.framework; path = System/Library/Frameworks/AppKit.framework; sourceTree = SDKROOT; };
		078211991378476700171F89 /* CoreData.framework */ = {isa = PBXFileReference; lastKnownFileType = wrapper.framework; name = CoreData.framework; path = System/Library/Frameworks/CoreData.framework; sourceTree = SDKROOT; };
		0782119A1378476700171F89 /* Foundation.framework */ = {isa = PBXFileReference; lastKnownFileType = wrapper.framework; name = Foundation.framework; path = System/Library/Frameworks/Foundation.framework; sourceTree = SDKROOT; };
		0782119D1378476700171F89 /* MakeCorner-Info.plist */ = {isa = PBXFileReference; lastKnownFileType = text.plist.xml; path = "MakeCorner-Info.plist"; sourceTree = "<group>"; };
		0782119F1378476700171F89 /* en */ = {isa = PBXFileReference; lastKnownFileType = text.plist.strings; name = en; path = en.lproj/InfoPlist.strings; sourceTree = "<group>"; };
		078211A11378476700171F89 /* MakeCorner-Prefix.pch */ = {isa = PBXFileReference; lastKnownFileType = sourcecode.c.h; path = "MakeCorner-Prefix.pch"; sourceTree = "<group>"; };
		078211A21378476700171F89 /* main.m */ = {isa = PBXFileReference; lastKnownFileType = sourcecode.c.objc; path = main.m; sourceTree = "<group>"; };
		078211A51378476700171F89 /* en */ = {isa = PBXFileReference; lastKnownFileType = text.rtf; name = en; path = en.lproj/Credits.rtf; sourceTree = "<group>"; };
		078211A71378476700171F89 /* MakeCornerAppDelegate.h */ = {isa = PBXFileReference; lastKnownFileType = sourcecode.c.h; path = MakeCornerAppDelegate.h; sourceTree = "<group>"; };
		078211A81378476700171F89 /* MakeCornerAppDelegate.m */ = {isa = PBXFileReference; lastKnownFileType = sourcecode.c.objc; path = MakeCornerAppDelegate.m; sourceTree = "<group>"; };
		078211AB1378476800171F89 /* en */ = {isa = PBXFileReference; lastKnownFileType = file.xib; name = en; path = en.lproj/MainMenu.xib; sourceTree = "<group>"; };
		078211D413786E5C00171F89 /* MakeCornerController.h */ = {isa = PBXFileReference; fileEncoding = 4; lastKnownFileType = sourcecode.c.h; path = MakeCornerController.h; sourceTree = "<group>"; };
		078211D513786E5C00171F89 /* MakeCornerController.m */ = {isa = PBXFileReference; fileEncoding = 4; lastKnownFileType = sourcecode.c.objc; path = MakeCornerController.m; sourceTree = "<group>"; };
		079097B01379E14D005D2781 /* ImageView.h */ = {isa = PBXFileReference; fileEncoding = 4; lastKnownFileType = sourcecode.c.h; path = ImageView.h; sourceTree = "<group>"; };
		079097B11379E14D005D2781 /* ImageView.m */ = {isa = PBXFileReference; fileEncoding = 4; lastKnownFileType = sourcecode.c.objc; path = ImageView.m; sourceTree = "<group>"; };
		07DAED071388F18100FA9010 /* NSColorAdditions.h */ = {isa = PBXFileReference; fileEncoding = 4; lastKnownFileType = sourcecode.c.h; path = NSColorAdditions.h; sourceTree = "<group>"; };
		07DAED081388F18100FA9010 /* NSColorAdditions.m */ = {isa = PBXFileReference; fileEncoding = 4; lastKnownFileType = sourcecode.c.objc; path = NSColorAdditions.m; sourceTree = "<group>"; };
/* End PBXFileReference section */

/* Begin PBXFrameworksBuildPhase section */
		07167A95138338E000A8856E /* Frameworks */ = {
			isa = PBXFrameworksBuildPhase;
			buildActionMask = 2147483647;
			files = (
				07613FAE13885CD100E6D149 /* Cocoa.framework in Frameworks */,
				07167A9A138338E000A8856E /* Foundation.framework in Frameworks */,
			);
			runOnlyForDeploymentPostprocessing = 0;
		};
		0782118E1378476600171F89 /* Frameworks */ = {
			isa = PBXFrameworksBuildPhase;
			buildActionMask = 2147483647;
			files = (
				078211961378476700171F89 /* Cocoa.framework in Frameworks */,
			);
			runOnlyForDeploymentPostprocessing = 0;
		};
/* End PBXFrameworksBuildPhase section */

/* Begin PBXGroup section */
		07167A9B138338E000A8856E /* MakeCornerCLI */ = {
			isa = PBXGroup;
			children = (
				07167A9C138338E000A8856E /* main.m */,
				07DAED071388F18100FA9010 /* NSColorAdditions.h */,
				07DAED081388F18100FA9010 /* NSColorAdditions.m */,
				07167AA0138338E000A8856E /* MakeCornerCLI.1 */,
				07167A9E138338E000A8856E /* Supporting Files */,
			);
			path = MakeCornerCLI;
			sourceTree = "<group>";
		};
		07167A9E138338E000A8856E /* Supporting Files */ = {
			isa = PBXGroup;
			children = (
				07167A9F138338E000A8856E /* MakeCornerCLI-Prefix.pch */,
			);
			name = "Supporting Files";
			sourceTree = "<group>";
		};
		078211861378476500171F89 = {
			isa = PBXGroup;
			children = (
				07613FAD13885CD100E6D149 /* Cocoa.framework */,
				0782119B1378476700171F89 /* MakeCornerApp */,
				07167A9B138338E000A8856E /* MakeCornerCLI */,
				078211941378476700171F89 /* Frameworks */,
				078211921378476700171F89 /* Products */,
			);
			sourceTree = "<group>";
		};
		078211921378476700171F89 /* Products */ = {
			isa = PBXGroup;
			children = (
				078211911378476700171F89 /* MakeCorner.app */,
				07167A98138338E000A8856E /* MakeCornerCLI */,
			);
			name = Products;
			sourceTree = "<group>";
		};
		078211941378476700171F89 /* Frameworks */ = {
			isa = PBXGroup;
			children = (
				078211951378476700171F89 /* Cocoa.framework */,
				071D99C813808018004A6C07 /* Foundation.framework */,
				078211971378476700171F89 /* Other Frameworks */,
			);
			name = Frameworks;
			sourceTree = "<group>";
		};
		078211971378476700171F89 /* Other Frameworks */ = {
			isa = PBXGroup;
			children = (
				078211981378476700171F89 /* AppKit.framework */,
				078211991378476700171F89 /* CoreData.framework */,
				0782119A1378476700171F89 /* Foundation.framework */,
			);
			name = "Other Frameworks";
			sourceTree = "<group>";
		};
		0782119B1378476700171F89 /* MakeCornerApp */ = {
			isa = PBXGroup;
			children = (
				078211A71378476700171F89 /* MakeCornerAppDelegate.h */,
				078211A81378476700171F89 /* MakeCornerAppDelegate.m */,
				078211AA1378476800171F89 /* MainMenu.xib */,
				079097B01379E14D005D2781 /* ImageView.h */,
				079097B11379E14D005D2781 /* ImageView.m */,
				0782119C1378476700171F89 /* Supporting Files */,
				078211D413786E5C00171F89 /* MakeCornerController.h */,
				078211D513786E5C00171F89 /* MakeCornerController.m */,
				071D9991137EEEB1004A6C07 /* MyImage.h */,
				071D9992137EEEB1004A6C07 /* MyImage.m */,
			);
			path = MakeCornerApp;
			sourceTree = "<group>";
		};
		0782119C1378476700171F89 /* Supporting Files */ = {
			isa = PBXGroup;
			children = (
				0782119D1378476700171F89 /* MakeCorner-Info.plist */,
				0782119E1378476700171F89 /* InfoPlist.strings */,
				078211A11378476700171F89 /* MakeCorner-Prefix.pch */,
				078211A21378476700171F89 /* main.m */,
				078211A41378476700171F89 /* Credits.rtf */,
			);
			name = "Supporting Files";
			sourceTree = "<group>";
		};
/* End PBXGroup section */

/* Begin PBXNativeTarget section */
		07167A97138338E000A8856E /* MakeCornerCLI */ = {
			isa = PBXNativeTarget;
			buildConfigurationList = 07167AA1138338E000A8856E /* Build configuration list for PBXNativeTarget "MakeCornerCLI" */;
			buildPhases = (
				07167A94138338E000A8856E /* Sources */,
				07167A95138338E000A8856E /* Frameworks */,
				07167A96138338E000A8856E /* CopyFiles */,
			);
			buildRules = (
			);
			dependencies = (
			);
			name = MakeCornerCLI;
			productName = MakeCornerCLI;
			productReference = 07167A98138338E000A8856E /* MakeCornerCLI */;
			productType = "com.apple.product-type.tool";
		};
		078211901378476600171F89 /* MakeCorner */ = {
			isa = PBXNativeTarget;
			buildConfigurationList = 078211C31378476800171F89 /* Build configuration list for PBXNativeTarget "MakeCorner" */;
			buildPhases = (
				0782118D1378476600171F89 /* Sources */,
				0782118E1378476600171F89 /* Frameworks */,
				0782118F1378476600171F89 /* Resources */,
			);
			buildRules = (
			);
			dependencies = (
			);
			name = MakeCorner;
			productName = MakeCornerApp;
			productReference = 078211911378476700171F89 /* MakeCorner.app */;
			productType = "com.apple.product-type.application";
		};
/* End PBXNativeTarget section */

/* Begin PBXProject section */
		078211881378476500171F89 /* Project object */ = {
			isa = PBXProject;
			buildConfigurationList = 0782118B1378476500171F89 /* Build configuration list for PBXProject "MakeCorner" */;
			compatibilityVersion = "Xcode 3.2";
			developmentRegion = English;
			hasScannedForEncodings = 0;
			knownRegions = (
				en,
			);
			mainGroup = 078211861378476500171F89;
			productRefGroup = 078211921378476700171F89 /* Products */;
			projectDirPath = "";
			projectRoot = "";
			targets = (
				078211901378476600171F89 /* MakeCorner */,
				07167A97138338E000A8856E /* MakeCornerCLI */,
			);
		};
/* End PBXProject section */

/* Begin PBXResourcesBuildPhase section */
		0782118F1378476600171F89 /* Resources */ = {
			isa = PBXResourcesBuildPhase;
			buildActionMask = 2147483647;
			files = (
				078211A01378476700171F89 /* InfoPlist.strings in Resources */,
				078211A61378476700171F89 /* Credits.rtf in Resources */,
				078211AC1378476800171F89 /* MainMenu.xib in Resources */,
			);
			runOnlyForDeploymentPostprocessing = 0;
		};
/* End PBXResourcesBuildPhase section */

/* Begin PBXSourcesBuildPhase section */
		07167A94138338E000A8856E /* Sources */ = {
			isa = PBXSourcesBuildPhase;
			buildActionMask = 2147483647;
			files = (
				07167A9D138338E000A8856E /* main.m in Sources */,
				07613FB013885E3700E6D149 /* MyImage.m in Sources */,
				07DAED0A1388F18100FA9010 /* NSColorAdditions.m in Sources */,
			);
			runOnlyForDeploymentPostprocessing = 0;
		};
		0782118D1378476600171F89 /* Sources */ = {
			isa = PBXSourcesBuildPhase;
			buildActionMask = 2147483647;
			files = (
				078211A31378476700171F89 /* main.m in Sources */,
				078211A91378476700171F89 /* MakeCornerAppDelegate.m in Sources */,
				078211D613786E5C00171F89 /* MakeCornerController.m in Sources */,
				079097B21379E14D005D2781 /* ImageView.m in Sources */,
				071D9993137EEEB1004A6C07 /* MyImage.m in Sources */,
				07DAED091388F18100FA9010 /* NSColorAdditions.m in Sources */,
			);
			runOnlyForDeploymentPostprocessing = 0;
		};
/* End PBXSourcesBuildPhase section */

/* Begin PBXVariantGroup section */
		0782119E1378476700171F89 /* InfoPlist.strings */ = {
			isa = PBXVariantGroup;
			children = (
				0782119F1378476700171F89 /* en */,
			);
			name = InfoPlist.strings;
			sourceTree = "<group>";
		};
		078211A41378476700171F89 /* Credits.rtf */ = {
			isa = PBXVariantGroup;
			children = (
				078211A51378476700171F89 /* en */,
			);
			name = Credits.rtf;
			sourceTree = "<group>";
		};
		078211AA1378476800171F89 /* MainMenu.xib */ = {
			isa = PBXVariantGroup;
			children = (
				078211AB1378476800171F89 /* en */,
			);
			name = MainMenu.xib;
			sourceTree = "<group>";
		};
/* End PBXVariantGroup section */

/* Begin XCBuildConfiguration section */
		07167AA2138338E000A8856E /* Debug */ = {
			isa = XCBuildConfiguration;
			buildSettings = {
				ALWAYS_SEARCH_USER_PATHS = NO;
				COPY_PHASE_STRIP = NO;
				GCC_DYNAMIC_NO_PIC = NO;
				GCC_ENABLE_OBJC_EXCEPTIONS = YES;
				GCC_PRECOMPILE_PREFIX_HEADER = YES;
				GCC_PREFIX_HEADER = "MakeCornerCLI/MakeCornerCLI-Prefix.pch";
				PRODUCT_NAME = "$(TARGET_NAME)";
			};
			name = Debug;
		};
		07167AA3138338E000A8856E /* Release */ = {
			isa = XCBuildConfiguration;
			buildSettings = {
				ALWAYS_SEARCH_USER_PATHS = NO;
				COPY_PHASE_STRIP = YES;
				DEBUG_INFORMATION_FORMAT = "dwarf-with-dsym";
				GCC_ENABLE_OBJC_EXCEPTIONS = YES;
				GCC_PRECOMPILE_PREFIX_HEADER = YES;
				GCC_PREFIX_HEADER = "MakeCornerCLI/MakeCornerCLI-Prefix.pch";
				PRODUCT_NAME = "$(TARGET_NAME)";
			};
			name = Release;
		};
		078211C11378476800171F89 /* Debug */ = {
			isa = XCBuildConfiguration;
			buildSettings = {
				ARCHS = "$(ARCHS_STANDARD_32_64_BIT)";
				GCC_C_LANGUAGE_STANDARD = gnu99;
				GCC_OPTIMIZATION_LEVEL = 0;
				GCC_PREPROCESSOR_DEFINITIONS = DEBUG;
				GCC_SYMBOLS_PRIVATE_EXTERN = NO;
				GCC_VERSION = com.apple.compilers.llvm.clang.1_0;
				GCC_WARN_64_TO_32_BIT_CONVERSION = YES;
				GCC_WARN_ABOUT_RETURN_TYPE = YES;
				GCC_WARN_UNUSED_VARIABLE = YES;
				MACOSX_DEPLOYMENT_TARGET = 10.6;
				ONLY_ACTIVE_ARCH = YES;
				SDKROOT = macosx;
			};
			name = Debug;
		};
		078211C21378476800171F89 /* Release */ = {
			isa = XCBuildConfiguration;
			buildSettings = {
				ARCHS = "$(ARCHS_STANDARD_32_64_BIT)";
				GCC_C_LANGUAGE_STANDARD = gnu99;
				GCC_VERSION = com.apple.compilers.llvm.clang.1_0;
				GCC_WARN_64_TO_32_BIT_CONVERSION = YES;
				GCC_WARN_ABOUT_RETURN_TYPE = YES;
				GCC_WARN_UNUSED_VARIABLE = YES;
				MACOSX_DEPLOYMENT_TARGET = 10.6;
				SDKROOT = macosx;
			};
			name = Release;
		};
		078211C41378476800171F89 /* Debug */ = {
			isa = XCBuildConfiguration;
			buildSettings = {
				ALWAYS_SEARCH_USER_PATHS = NO;
				COPY_PHASE_STRIP = NO;
				GCC_DYNAMIC_NO_PIC = NO;
				GCC_ENABLE_OBJC_EXCEPTIONS = YES;
				GCC_PRECOMPILE_PREFIX_HEADER = YES;
				GCC_PREFIX_HEADER = "MakeCornerApp/MakeCorner-Prefix.pch";
				INFOPLIST_FILE = "MakeCornerApp/MakeCorner-Info.plist";
				PRODUCT_NAME = MakeCorner;
				WRAPPER_EXTENSION = app;
			};
			name = Debug;
		};
		078211C51378476800171F89 /* Release */ = {
			isa = XCBuildConfiguration;
			buildSettings = {
				ALWAYS_SEARCH_USER_PATHS = NO;
				COPY_PHASE_STRIP = YES;
				DEBUG_INFORMATION_FORMAT = "dwarf-with-dsym";
				GCC_ENABLE_OBJC_EXCEPTIONS = YES;
				GCC_PRECOMPILE_PREFIX_HEADER = YES;
				GCC_PREFIX_HEADER = "MakeCornerApp/MakeCorner-Prefix.pch";
				INFOPLIST_FILE = "MakeCornerApp/MakeCorner-Info.plist";
				PRODUCT_NAME = MakeCorner;
				WRAPPER_EXTENSION = app;
			};
			name = Release;
		};
/* End XCBuildConfiguration section */

/* Begin XCConfigurationList section */
		07167AA1138338E000A8856E /* Build configuration list for PBXNativeTarget "MakeCornerCLI" */ = {
			isa = XCConfigurationList;
			buildConfigurations = (
				07167AA2138338E000A8856E /* Debug */,
				07167AA3138338E000A8856E /* Release */,
			);
			defaultConfigurationIsVisible = 0;
			defaultConfigurationName = Release;
		};
		0782118B1378476500171F89 /* Build configuration list for PBXProject "MakeCorner" */ = {
			isa = XCConfigurationList;
			buildConfigurations = (
				078211C11378476800171F89 /* Debug */,
				078211C21378476800171F89 /* Release */,
			);
			defaultConfigurationIsVisible = 0;
			defaultConfigurationName = Release;
		};
		078211C31378476800171F89 /* Build configuration list for PBXNativeTarget "MakeCorner" */ = {
			isa = XCConfigurationList;
			buildConfigurations = (
				078211C41378476800171F89 /* Debug */,
				078211C51378476800171F89 /* Release */,
			);
			defaultConfigurationIsVisible = 0;
			defaultConfigurationName = Release;
		};
/* End XCConfigurationList section */
	};
	rootObject = 078211881378476500171F89 /* Project object */;
}
